
Microsoft Visual Studio Solution File, Format Version 12.00
# Visual Studio Version 17
VisualStudioVersion = 17.2.32516.85
MinimumVisualStudioVersion = 10.0.40219.1
Project("{9A19103F-16F7-4668-BE54-9A1E7A4F7556}") = "лаба1", "лаба1\лаба1.csproj", "{E2EA9A0D-7638-48FF-B9D4-79CB65792FD4}"
EndProject
Project("{9A19103F-16F7-4668-BE54-9A1E7A4F7556}") = "лаба2", "лаба2\лаба2.csproj", "{E9CD0927-090A-4734-B84B-A39D9DBAA8F3}"
EndProject
Project("{9A19103F-16F7-4668-BE54-9A1E7A4F7556}") = "лаба3", "лаба3\лаба3.csproj", "{F451D15C-C786-4B6C-AD8F-2401C5D3E94F}"
EndProject
Project("{9A19103F-16F7-4668-BE54-9A1E7A4F7556}") = "лаба4", "лаба4\лаба4.csproj", "{3324D51F-5227-4D49-A614-CEF8312FCE89}"
EndProject
Project("{9A19103F-16F7-4668-BE54-9A1E7A4F7556}") = "лаба5", "лаба5\лаба5.csproj", "{E1D513C7-E14B-4923-B2CF-4CF04FB50990}"
EndProject
Project("{9A19103F-16F7-4668-BE54-9A1E7A4F7556}") = "лаба6", "лаба6\лаба6.csproj", "{92E07696-5545-4B01-9EA7-B93DC951365A}"
EndProject
Project("{9A19103F-16F7-4668-BE54-9A1E7A4F7556}") = "курсач", "курсач\курсач.csproj", "{66EFD646-1B5F-4F77-8CF7-2C5696548879}"
EndProject
Global
	GlobalSection(SolutionConfigurationPlatforms) = preSolution
		Debug|Any CPU = Debug|Any CPU
		Release|Any CPU = Release|Any CPU
	EndGlobalSection
	GlobalSection(ProjectConfigurationPlatforms) = postSolution
		{E2EA9A0D-7638-48FF-B9D4-79CB65792FD4}.Debug|Any CPU.ActiveCfg = Debug|Any CPU
		{E2EA9A0D-7638-48FF-B9D4-79CB65792FD4}.Debug|Any CPU.Build.0 = Debug|Any CPU
		{E2EA9A0D-7638-48FF-B9D4-79CB65792FD4}.Release|Any CPU.ActiveCfg = Release|Any CPU
		{E2EA9A0D-7638-48FF-B9D4-79CB65792FD4}.Release|Any CPU.Build.0 = Release|Any CPU
		{E9CD0927-090A-4734-B84B-A39D9DBAA8F3}.Debug|Any CPU.ActiveCfg = Debug|Any CPU
		{E9CD0927-090A-4734-B84B-A39D9DBAA8F3}.Debug|Any CPU.Build.0 = Debug|Any CPU
		{E9CD0927-090A-4734-B84B-A39D9DBAA8F3}.Release|Any CPU.ActiveCfg = Release|Any CPU
		{E9CD0927-090A-4734-B84B-A39D9DBAA8F3}.Release|Any CPU.Build.0 = Release|Any CPU
		{F451D15C-C786-4B6C-AD8F-2401C5D3E94F}.Debug|Any CPU.ActiveCfg = Debug|Any CPU
		{F451D15C-C786-4B6C-AD8F-2401C5D3E94F}.Debug|Any CPU.Build.0 = Debug|Any CPU
		{F451D15C-C786-4B6C-AD8F-2401C5D3E94F}.Release|Any CPU.ActiveCfg = Release|Any CPU
		{F451D15C-C786-4B6C-AD8F-2401C5D3E94F}.Release|Any CPU.Build.0 = Release|Any CPU
		{3324D51F-5227-4D49-A614-CEF8312FCE89}.Debug|Any CPU.ActiveCfg = Debug|Any CPU
		{3324D51F-5227-4D49-A614-CEF8312FCE89}.Debug|Any CPU.Build.0 = Debug|Any CPU
		{3324D51F-5227-4D49-A614-CEF8312FCE89}.Release|Any CPU.ActiveCfg = Release|Any CPU
		{3324D51F-5227-4D49-A614-CEF8312FCE89}.Release|Any CPU.Build.0 = Release|Any CPU
		{E1D513C7-E14B-4923-B2CF-4CF04FB50990}.Debug|Any CPU.ActiveCfg = Debug|Any CPU
		{E1D513C7-E14B-4923-B2CF-4CF04FB50990}.Debug|Any CPU.Build.0 = Debug|Any CPU
		{E1D513C7-E14B-4923-B2CF-4CF04FB50990}.Release|Any CPU.ActiveCfg = Release|Any CPU
		{E1D513C7-E14B-4923-B2CF-4CF04FB50990}.Release|Any CPU.Build.0 = Release|Any CPU
		{92E07696-5545-4B01-9EA7-B93DC951365A}.Debug|Any CPU.ActiveCfg = Debug|Any CPU
		{92E07696-5545-4B01-9EA7-B93DC951365A}.Debug|Any CPU.Build.0 = Debug|Any CPU
		{92E07696-5545-4B01-9EA7-B93DC951365A}.Release|Any CPU.ActiveCfg = Release|Any CPU
		{92E07696-5545-4B01-9EA7-B93DC951365A}.Release|Any CPU.Build.0 = Release|Any CPU
		{66EFD646-1B5F-4F77-8CF7-2C5696548879}.Debug|Any CPU.ActiveCfg = Debug|Any CPU
		{66EFD646-1B5F-4F77-8CF7-2C5696548879}.Debug|Any CPU.Build.0 = Debug|Any CPU
		{66EFD646-1B5F-4F77-8CF7-2C5696548879}.Release|Any CPU.ActiveCfg = Release|Any CPU
		{66EFD646-1B5F-4F77-8CF7-2C5696548879}.Release|Any CPU.Build.0 = Release|Any CPU
	EndGlobalSection
	GlobalSection(SolutionProperties) = preSolution
		HideSolutionNode = FALSE
	EndGlobalSection
	GlobalSection(ExtensibilityGlobals) = postSolution
		SolutionGuid = {98014074-50EB-4B28-A7B7-E4268615B102}
	EndGlobalSection
EndGlobal
